
Microsoft Visual Studio Solution File, Format Version 12.00
# Visual Studio 2012
Project("{FAE04EC0-301F-11D3-BF4B-00C04F79EFBC}") = "EntityToDtoMapper", "Mapper\EntityToDtoMapper.csproj", "{80E585AC-235D-4C81-A9C0-C14813273B94}"
EndProject
Global
	GlobalSection(SolutionConfigurationPlatforms) = preSolution
		Debug|Any CPU = Debug|Any CPU
		Release|Any CPU = Release|Any CPU
	EndGlobalSection
	GlobalSection(ProjectConfigurationPlatforms) = postSolution
		{80E585AC-235D-4C81-A9C0-C14813273B94}.Debug|Any CPU.ActiveCfg = Debug|Any CPU
		{80E585AC-235D-4C81-A9C0-C14813273B94}.Debug|Any CPU.Build.0 = Debug|Any CPU
		{80E585AC-235D-4C81-A9C0-C14813273B94}.Release|Any CPU.ActiveCfg = Release|Any CPU
		{80E585AC-235D-4C81-A9C0-C14813273B94}.Release|Any CPU.Build.0 = Release|Any CPU
	EndGlobalSection
	GlobalSection(SolutionProperties) = preSolution
		HideSolutionNode = FALSE
	EndGlobalSection
EndGlobal
